# THIS IS AN AUTOGENERATED FILE. DO NOT EDIT THIS FILE DIRECTLY.
# yarn lockfile v1


fft.js@^4.0.4:
  version "4.0.4"
  resolved "https://registry.yarnpkg.com/fft.js/-/fft.js-4.0.4.tgz#ffed83a397e58039141c804c1dbe1910dced8e6e"
  integrity sha512-f9c00hphOgeQTlDyavwTtu6RiK8AIFjD6+jvXkNkpeQ7rirK3uFWVpalkoS4LAwbdX7mfZ8aoBfFVQX1Re/8aw==

wavefile@^11.0.0:
  version "11.0.0"
  resolved "https://registry.yarnpkg.com/wavefile/-/wavefile-11.0.0.tgz#9302165874327ff63a704d00b154c753eaa1b8e7"
  integrity sha512-/OBiAALgWU24IG7sC84cDO/KfFuvajWc5Uec0oV2zrpOOZZDgGdOwHwgEzOrwh8jkubBk7PtZfQBIcI1OaE5Ng==
